<?xml version="1.0" encoding="utf-8"?>
<Project ToolsVersion="4.0" xmlns="http://schemas.microsoft.com/developer/msbuild/2003">
  <ItemGroup>
    <ClCompile Include="Bullet.cpp" />
    <ClCompile Include="Game.cpp" />
    <ClCompile Include="Grid.cpp" />
    <ClCompile Include="HealthSystem.cpp" />
    <ClCompile Include="main.cpp" />
    <ClCompile Include="Nests.cpp" />
    <ClCompile Include="Player.cpp" />
    <ClCompile Include="Predator.cpp" />
    <ClCompile Include="Powerups.cpp" />
    <ClCompile Include="Sweeper.cpp" />
    <ClCompile Include="Tile.cpp" />
    <ClCompile Include="Worker.cpp" />
  </ItemGroup>
  <ItemGroup>
    <ClInclude Include="Bullet.h" />
    <ClInclude Include="Game.h" />
    <ClInclude Include="Grid.h" />
    <ClInclude Include="Powerups.h" />
    <ClInclude Include="Nests.h" />
    <ClInclude Include="HealthSystem.h" />
    <ClInclude Include="Player.h" />
    <ClInclude Include="Predator.h" />
    <ClInclude Include="Sweeper.h" />
    <ClInclude Include="Tile.h" />
    <ClInclude Include="Worker.h" />
  </ItemGroup>
  <ItemGroup>
    <Image Include="resources\bulletPowerup.png" />
    <Image Include="resources\healthPowerup.png" />
    <Image Include="resources\Player.png" />
    <Image Include="resources\Predator.png" />
    <Image Include="resources\shieldPowerup.png" />
    <Image Include="resources\speedPowerup.png" />
    <Image Include="resources\sweeper.png" />
    <Image Include="resources\worker.png" />
  </ItemGroup>
  <ItemGroup>
    <Font Include="resources\Adventure.otf" />
    <Font Include="resources\OCRAEXT.TTF" />
  </ItemGroup>
</Project>